{
  "name": "assets",
  "version": "1.0.0",
  "lockfileVersion": 3,
  "requires": true,
  "packages": {
    "": {
      "name": "assets",
      "version": "1.0.0",
      "license": "ISC",
      "dependencies": {
        "bun-types": "^1.1.8",
        "e2ee.js": "^1.1.7",
        "typescript": "^5.4.5",
        "undici-types": "^5.26.5"
      }
    },
    "node_modules/@types/node": {
      "version": "26.0.1",
      "resolved": "https://registry.npmjs.org/@types/node/-/node-26.0.1.tgz",
      "integrity": "sha512-fc3KiUoBt6kie0N9bIW3E47vZsuaMf0PM2AaUpLCLT0s/LvX1nxAim6Fc049cNxODPpGm6qRAuUOB86SkRuPQw==",
      "license": "MIT",
      "dependencies": {
        "undici-types": "~8.3.0"
      }
    },
    "node_modules/@types/node/node_modules/undici-types": {
      "version": "8.3.0",
      "resolved": "https://registry.npmjs.org/undici-types/-/undici-types-8.3.0.tgz",
      "integrity": "sha512-j375ScV60dom+YkPFIfTLcOiPxkN/buHz5GobjLhixFuANaNs3C9l4GmrWqejgXWJ7BbJcFYpTEUkS1Ge8bpZQ==",
      "license": "MIT"
    },
    "node_modules/bun-types": {
      "version": "1.3.14",
      "resolved": "https://registry.npmjs.org/bun-types/-/bun-types-1.3.14.tgz",
      "integrity": "sha512-4N0ig0fEomHt5R0KCFWjovxow98rIoRwKolrYdCcknNwMekCXRnWEUvgu5soYV8QXtVsrUD8B95MBOZGPvr6KQ==",
      "license": "MIT",
      "dependencies": {
        "@types/node": "*"
      }
    },
    "node_modules/e2ee.js": {
      "version": "1.1.8",
      "resolved": "https://registry.npmjs.org/e2ee.js/-/e2ee.js-1.1.8.tgz",
      "integrity": "sha512-R6ysnHUHjECHRjGHCYMwz1zYSrYdq13WQDDbuKG16ZrbXFBHFKcceaii4UsRr/nXUc/JBNcSFrfWj/fHv2u/VA==",
      "license": "MIT"
    },
    "node_modules/typescript": {
      "version": "5.9.3",
      "resolved": "https://registry.npmjs.org/typescript/-/typescript-5.9.3.tgz",
      "integrity": "sha512-jl1vZzPDinLr9eUt3J/t7V6FgNEw9QjvBPdysz9KfQDD41fQrC2Y4vKQdiaUpFT4bXlb1RHhLpp8wtm6M5TgSw==",
      "license": "Apache-2.0",
      "bin": {
        "tsc": "bin/tsc",
        "tsserver": "bin/tsserver"
      },
      "engines": {
        "node": ">=14.17"
      }
    },
    "node_modules/undici-types": {
      "version": "5.28.4",
      "resolved": "https://registry.npmjs.org/undici-types/-/undici-types-5.28.4.tgz",
      "integrity": "sha512-3OeMF5Lyowe8VW0skf5qaIE7Or3yS9LS7fvMUI0gg4YxpIBVg0L8BxCmROw2CcYhSkpR68Epz7CGc8MPj94Uww==",
      "license": "MIT"
    }
  }
}
